
Microsoft Visual Studio Solution File, Format Version 12.00
# Visual Studio Version 17
VisualStudioVersion = 17.1.32407.343
MinimumVisualStudioVersion = 10.0.40219.1
Project("{FAE04EC0-301F-11D3-BF4B-00C04F79EFBC}") = "BuxUchert", "BuxUchert.csproj", "{3E0F708A-8BBC-4D09-88EE-39D37DE3CCD9}"
EndProject
Global
	GlobalSection(SolutionConfigurationPlatforms) = preSolution
		Debug|Any CPU = Debug|Any CPU
		Release|Any CPU = Release|Any CPU
	EndGlobalSection
	GlobalSection(ProjectConfigurationPlatforms) = postSolution
		{3E0F708A-8BBC-4D09-88EE-39D37DE3CCD9}.Debug|Any CPU.ActiveCfg = Debug|Any CPU
		{3E0F708A-8BBC-4D09-88EE-39D37DE3CCD9}.Debug|Any CPU.Build.0 = Debug|Any CPU
		{3E0F708A-8BBC-4D09-88EE-39D37DE3CCD9}.Release|Any CPU.ActiveCfg = Release|Any CPU
		{3E0F708A-8BBC-4D09-88EE-39D37DE3CCD9}.Release|Any CPU.Build.0 = Release|Any CPU
	EndGlobalSection
	GlobalSection(SolutionProperties) = preSolution
		HideSolutionNode = FALSE
	EndGlobalSection
	GlobalSection(ExtensibilityGlobals) = postSolution
		SolutionGuid = {CBFC76EF-C43C-4C76-95BF-29046703A1F5}
	EndGlobalSection
EndGlobal
